{
  "object": {
    "pins": [
      {
        "package": "swift-crypto",
        "repositoryURL": "https://github.com/apple/swift-crypto",
        "state": {
          "branch": null,
          "revision": "3bea268b223651c4ab7b7b9ad62ef9b2d4143eb6",
          "version": "1.1.6"
        }
      },
      {
        "package": "swift-nio",
        "repositoryURL": "https://github.com/apple/swift-nio",
        "state": {
          "branch": null,
          "revision": "3be4e0980075de10a4bc8dee07491d49175cfd7a",
          "version": "2.27.0"
        }
      },
      {
        "package": "SwiftyDataExtensions",
        "repositoryURL": "https://github.com/mr-elbe5/SwiftyDataExtensions",
        "state": {
          "branch": null,
          "revision": "7ed8d32e305f82a7c323d3b1c5d3a575f159c868",
          "version": "1.0.0"
        }
      },
      {
        "package": "SwiftyHttpServer",
        "repositoryURL": "https://github.com/mr-elbe5/SwiftyHttpServer",
        "state": {
          "branch": null,
          "revision": "0fe56c0ad98d682cacba099b622641863375d5f0",
          "version": "1.1.18"
        }
      },
      {
        "package": "SwiftyLog",
        "repositoryURL": "https://github.com/mr-elbe5/SwiftyLog",
        "state": {
          "branch": null,
          "revision": "1c80fddbe40aeaff3ca596fbfa45f4d99db4f601",
          "version": "1.0.6"
        }
      },
      {
        "package": "SwiftyStringExtensions",
        "repositoryURL": "https://github.com/mr-elbe5/SwiftyStringExtensions",
        "state": {
          "branch": null,
          "revision": "1a5aeec2eb9170d459de689489b43975323e51ba",
          "version": "1.0.8"
        }
      }
    ]
  },
  "version": 1
}
