{
  "object": {
    "pins": [
      {
        "package": "swift-nio",
        "repositoryURL": "https://github.com/apple/swift-nio",
        "state": {
          "branch": null,
          "revision": "3be4e0980075de10a4bc8dee07491d49175cfd7a",
          "version": "2.27.0"
        }
      },
      {
        "package": "SwiftyDataExtensions",
        "repositoryURL": "https://github.com/mr-elbe5/SwiftyDataExtensions",
        "state": {
          "branch": null,
          "revision": "7ed8d32e305f82a7c323d3b1c5d3a575f159c868",
          "version": "1.0.0"
        }
      },
      {
        "package": "SwiftyHttpServer",
        "repositoryURL": "https://github.com/mr-elbe5/SwiftyHttpServer",
        "state": {
          "branch": null,
          "revision": "d3939bff94889ee2822de7b06949510ac2efa4c6",
          "version": "1.1.7"
        }
      },
      {
        "package": "SwiftyLog",
        "repositoryURL": "https://github.com/mr-elbe5/SwiftyLog",
        "state": {
          "branch": null,
          "revision": "6b18ea081e68efe5b6d1df2ef8f298a93af1bb62",
          "version": "1.0.2"
        }
      },
      {
        "package": "SwiftyStringExtensions",
        "repositoryURL": "https://github.com/mr-elbe5/SwiftyStringExtensions",
        "state": {
          "branch": null,
          "revision": "948585b29cff4c76e8402ac7fcc033252affd072",
          "version": "1.0.5"
        }
      }
    ]
  },
  "version": 1
}
